// !$*UTF8*$!
{
	archiveVersion = 1;
	classes = {
	};
	objectVersion = 46;
	objects = {

/* Begin PBXBuildFile section */
		220CC29615829C3000A57386 /* ADVPercentProgressBar.m in Sources */ = {isa = PBXBuildFile; fileRef = 220CC29515829C3000A57386 /* ADVPercentProgressBar.m */; };
		220CC2A315829C9400A57386 /* progress-count.png in Resources */ = {isa = PBXBuildFile; fileRef = 220CC29715829C9400A57386 /* progress-count.png */; };
		220CC2A415829C9400A57386 /* progress-count@2x.png in Resources */ = {isa = PBXBuildFile; fileRef = 220CC29815829C9400A57386 /* progress-count@2x.png */; };
		220CC2B115829EFD00A57386 /* StatisticsViewController.m in Sources */ = {isa = PBXBuildFile; fileRef = 220CC2B015829EFD00A57386 /* StatisticsViewController.m */; };
		222DD13C151A96DD0070FB98 /* SearchViewCell.m in Sources */ = {isa = PBXBuildFile; fileRef = 222DD13B151A96DD0070FB98 /* SearchViewCell.m */; };
		223C969B15742C6800C16D71 /* SystemConfiguration.framework in Frameworks */ = {isa = PBXBuildFile; fileRef = 223C969A15742C6800C16D71 /* SystemConfiguration.framework */; };
		22422C0F15C75E7A00AA77F5 /* 37x-Checkmark@2x.png in Resources */ = {isa = PBXBuildFile; fileRef = 22422C0E15C75E7A00AA77F5 /* 37x-Checkmark@2x.png */; };
		22422C1915C76EDC00AA77F5 /* Localizable.strings in Resources */ = {isa = PBXBuildFile; fileRef = 22422C1715C76EDC00AA77F5 /* Localizable.strings */; };
		22422C2A15CAF85B00AA77F5 /* accepted_37.png in Resources */ = {isa = PBXBuildFile; fileRef = 22422C2515CAF85B00AA77F5 /* accepted_37.png */; };
		22422C2B15CAF85B00AA77F5 /* accepted_48.png in Resources */ = {isa = PBXBuildFile; fileRef = 22422C2615CAF85B00AA77F5 /* accepted_48.png */; };
		22422C2C15CAF85B00AA77F5 /* cancel_37.png in Resources */ = {isa = PBXBuildFile; fileRef = 22422C2715CAF85B00AA77F5 /* cancel_37.png */; };
		22422C2D15CAF85B00AA77F5 /* cancel_48.png in Resources */ = {isa = PBXBuildFile; fileRef = 22422C2815CAF85B00AA77F5 /* cancel_48.png */; };
		22422C2E15CAF85B00AA77F5 /* check.png in Resources */ = {isa = PBXBuildFile; fileRef = 22422C2915CAF85B00AA77F5 /* check.png */; };
		2244166714F2D49E00BDD0EA /* UIKit.framework in Frameworks */ = {isa = PBXBuildFile; fileRef = 2244166614F2D49E00BDD0EA /* UIKit.framework */; };
		2244166914F2D49E00BDD0EA /* Foundation.framework in Frameworks */ = {isa = PBXBuildFile; fileRef = 2244166814F2D49E00BDD0EA /* Foundation.framework */; };
		2244166B14F2D49E00BDD0EA /* CoreGraphics.framework in Frameworks */ = {isa = PBXBuildFile; fileRef = 2244166A14F2D49E00BDD0EA /* CoreGraphics.framework */; };
		2244166D14F2D49E00BDD0EA /* CoreData.framework in Frameworks */ = {isa = PBXBuildFile; fileRef = 2244166C14F2D49E00BDD0EA /* CoreData.framework */; };
		2244167314F2D49E00BDD0EA /* InfoPlist.strings in Resources */ = {isa = PBXBuildFile; fileRef = 2244167114F2D49E00BDD0EA /* InfoPlist.strings */; };
		2244167514F2D49E00BDD0EA /* main.m in Sources */ = {isa = PBXBuildFile; fileRef = 2244167414F2D49E00BDD0EA /* main.m */; };
		2244167914F2D49E00BDD0EA /* AppDelegate.m in Sources */ = {isa = PBXBuildFile; fileRef = 2244167814F2D49E00BDD0EA /* AppDelegate.m */; };
		2244167C14F2D49E00BDD0EA /* MainStoryboard.storyboard in Resources */ = {isa = PBXBuildFile; fileRef = 2244167A14F2D49E00BDD0EA /* MainStoryboard.storyboard */; };
		2244167F14F2D49E00BDD0EA /* iStand.xcdatamodeld in Sources */ = {isa = PBXBuildFile; fileRef = 2244167D14F2D49E00BDD0EA /* iStand.xcdatamodeld */; };
		2244168214F2D49E00BDD0EA /* MainViewController.m in Sources */ = {isa = PBXBuildFile; fileRef = 2244168114F2D49E00BDD0EA /* MainViewController.m */; };
		2244168E14F2E93500BDD0EA /* EventoViewController.m in Sources */ = {isa = PBXBuildFile; fileRef = 2244168D14F2E93500BDD0EA /* EventoViewController.m */; };
		224416A314F2EF5C00BDD0EA /* SettingsViewController.m in Sources */ = {isa = PBXBuildFile; fileRef = 224416A214F2EF5C00BDD0EA /* SettingsViewController.m */; };
		224416AD14F4670600BDD0EA /* RowCampoDinamico.m in Sources */ = {isa = PBXBuildFile; fileRef = 224416AC14F4670600BDD0EA /* RowCampoDinamico.m */; };
		22491D4D15EF3EA100352BE3 /* segmented.png in Resources */ = {isa = PBXBuildFile; fileRef = 22491D4A15EF3EA100352BE3 /* segmented.png */; };
		22491D4E15EF3EA100352BE3 /* pickerView.png in Resources */ = {isa = PBXBuildFile; fileRef = 22491D4B15EF3EA100352BE3 /* pickerView.png */; };
		22491D4F15EF3EA100352BE3 /* textView.png in Resources */ = {isa = PBXBuildFile; fileRef = 22491D4C15EF3EA100352BE3 /* textView.png */; };
		224EA06315DD80BC0092FF50 /* CurlSegue.m in Sources */ = {isa = PBXBuildFile; fileRef = 224EA06215DD80BC0092FF50 /* CurlSegue.m */; };
		224EA06715DD92980092FF50 /* AboutViewController.m in Sources */ = {isa = PBXBuildFile; fileRef = 224EA06615DD92980092FF50 /* AboutViewController.m */; };
		225B18AE158546500099E8E6 /* iStand2_1.png in Resources */ = {isa = PBXBuildFile; fileRef = 225B18AD158546500099E8E6 /* iStand2_1.png */; };
		22628A93157EAB3B0060C737 /* Evento.m in Sources */ = {isa = PBXBuildFile; fileRef = 22628A92157EAB3B0060C737 /* Evento.m */; };
		22628A97157EAB700060C737 /* CampoDinamico.m in Sources */ = {isa = PBXBuildFile; fileRef = 22628A94157EAB700060C737 /* CampoDinamico.m */; };
		22628A98157EAB700060C737 /* Partecipante.m in Sources */ = {isa = PBXBuildFile; fileRef = 22628A95157EAB700060C737 /* Partecipante.m */; };
		22628A99157EAB700060C737 /* Scelta.m in Sources */ = {isa = PBXBuildFile; fileRef = 22628A96157EAB700060C737 /* Scelta.m */; };
		22628AA1157EB1C20060C737 /* AddEventoViewController.m in Sources */ = {isa = PBXBuildFile; fileRef = 22628A9B157EABAC0060C737 /* AddEventoViewController.m */; };
		22628AA3157EB1C20060C737 /* Constants.m in Sources */ = {isa = PBXBuildFile; fileRef = 22628A9D157EABAC0060C737 /* Constants.m */; };
		22628AA5157EB1C20060C737 /* DettPartecipanteViewController.m in Sources */ = {isa = PBXBuildFile; fileRef = 22628A9F157EABAC0060C737 /* DettPartecipanteViewController.m */; };
		226742D6157811060032B77F /* MyTextView.m in Sources */ = {isa = PBXBuildFile; fileRef = 226742D5157811060032B77F /* MyTextView.m */; };
		226742D91578977C0032B77F /* DefaultDelegate.m in Sources */ = {isa = PBXBuildFile; fileRef = 226742D81578977C0032B77F /* DefaultDelegate.m */; };
		226742DC15789F9A0032B77F /* MyTextField.m in Sources */ = {isa = PBXBuildFile; fileRef = 226742DB15789F990032B77F /* MyTextField.m */; };
		22725CB3159774BC00AE5B6F /* backLandscape.jpg in Resources */ = {isa = PBXBuildFile; fileRef = 22725CB1159774BC00AE5B6F /* backLandscape.jpg */; };
		22725CB4159774BC00AE5B6F /* backPortrait.jpg in Resources */ = {isa = PBXBuildFile; fileRef = 22725CB2159774BC00AE5B6F /* backPortrait.jpg */; };
		22725CBB1597973500AE5B6F /* CommonViewController.m in Sources */ = {isa = PBXBuildFile; fileRef = 22725CBA1597973500AE5B6F /* CommonViewController.m */; };
		22816D26157D55C200354C6B /* CoreDataUtility.m in Sources */ = {isa = PBXBuildFile; fileRef = 22816D25157D55C200354C6B /* CoreDataUtility.m */; };
		22816D29157D69C700354C6B /* _CampoDinamico.m in Sources */ = {isa = PBXBuildFile; fileRef = 226742B7157806550032B77F /* _CampoDinamico.m */; };
		22816D2B157D69C700354C6B /* _Evento.m in Sources */ = {isa = PBXBuildFile; fileRef = 226742B9157806550032B77F /* _Evento.m */; };
		22816D2D157D69C700354C6B /* _Opzione.m in Sources */ = {isa = PBXBuildFile; fileRef = 226742BB157806550032B77F /* _Opzione.m */; };
		22816D2F157D69C700354C6B /* _Partecipante.m in Sources */ = {isa = PBXBuildFile; fileRef = 226742BD157806550032B77F /* _Partecipante.m */; };
		22816D31157D69C700354C6B /* _Registrazione.m in Sources */ = {isa = PBXBuildFile; fileRef = 226742BF157806550032B77F /* _Registrazione.m */; };
		22816D33157D69C700354C6B /* _Scelta.m in Sources */ = {isa = PBXBuildFile; fileRef = 226742C1157806550032B77F /* _Scelta.m */; };
		22816D39157D69C700354C6B /* Opzione.m in Sources */ = {isa = PBXBuildFile; fileRef = 226742C7157806550032B77F /* Opzione.m */; };
		22816D3D157D69C700354C6B /* Registrazione.m in Sources */ = {isa = PBXBuildFile; fileRef = 226742CB157806550032B77F /* Registrazione.m */; };
		22977C141531902900F6888D /* AddEventoViewCell.m in Sources */ = {isa = PBXBuildFile; fileRef = 22977C131531902900F6888D /* AddEventoViewCell.m */; };
		22977C2B15349DD300F6888D /* settingsIcon.png in Resources */ = {isa = PBXBuildFile; fileRef = 22977C2A15349DD300F6888D /* settingsIcon.png */; };
		22A97A951589B4E000508179 /* fax.png in Resources */ = {isa = PBXBuildFile; fileRef = 22A97A8B1589B4E000508179 /* fax.png */; };
		22A97A961589B4E000508179 /* iphone_icon.png in Resources */ = {isa = PBXBuildFile; fileRef = 22A97A8C1589B4E000508179 /* iphone_icon.png */; };
		22A97A971589B4E000508179 /* mail.png in Resources */ = {isa = PBXBuildFile; fileRef = 22A97A8D1589B4E000508179 /* mail.png */; };
		22A97A981589B4E000508179 /* phone.png in Resources */ = {isa = PBXBuildFile; fileRef = 22A97A8E1589B4E000508179 /* phone.png */; };
		22A97A991589B4E000508179 /* progress-fill-blue.png in Resources */ = {isa = PBXBuildFile; fileRef = 22A97A8F1589B4E000508179 /* progress-fill-blue.png */; };
		22A97A9A1589B4E000508179 /* progress-fill-gray.png in Resources */ = {isa = PBXBuildFile; fileRef = 22A97A901589B4E000508179 /* progress-fill-gray.png */; };
		22A97A9B1589B4E000508179 /* progress-fill-pink.png in Resources */ = {isa = PBXBuildFile; fileRef = 22A97A911589B4E000508179 /* progress-fill-pink.png */; };
		22A97A9C1589B4E000508179 /* progress-fill-red.png in Resources */ = {isa = PBXBuildFile; fileRef = 22A97A921589B4E000508179 /* progress-fill-red.png */; };
		22A97A9D1589B4E000508179 /* progress-fill-water.png in Resources */ = {isa = PBXBuildFile; fileRef = 22A97A931589B4E000508179 /* progress-fill-water.png */; };
		22A97A9E1589B4E000508179 /* progress-fill-yellow.png in Resources */ = {isa = PBXBuildFile; fileRef = 22A97A941589B4E000508179 /* progress-fill-yellow.png */; };
		22A97AA01589B5C700508179 /* progress-fill-green.png in Resources */ = {isa = PBXBuildFile; fileRef = 22A97A9F1589B5C700508179 /* progress-fill-green.png */; };
		22A97AA6158B064400508179 /* progress-track.png in Resources */ = {isa = PBXBuildFile; fileRef = 22A97AA5158B064400508179 /* progress-track.png */; };
		22C4B5F7159270160015151D /* iStand144x144.png in Resources */ = {isa = PBXBuildFile; fileRef = 22C4B5F6159270160015151D /* iStand144x144.png */; };
		22C53079153CDEF80023EAA6 /* ASIAuthenticationDialog.m in Sources */ = {isa = PBXBuildFile; fileRef = 22C53028153CDEF80023EAA6 /* ASIAuthenticationDialog.m */; settings = {COMPILER_FLAGS = "-fno-objc-arc"; }; };
		22C5307A153CDEF80023EAA6 /* ASIDataCompressor.m in Sources */ = {isa = PBXBuildFile; fileRef = 22C5302B153CDEF80023EAA6 /* ASIDataCompressor.m */; settings = {COMPILER_FLAGS = "-fno-objc-arc"; }; };
		22C5307B153CDEF80023EAA6 /* ASIDataDecompressor.m in Sources */ = {isa = PBXBuildFile; fileRef = 22C5302D153CDEF80023EAA6 /* ASIDataDecompressor.m */; settings = {COMPILER_FLAGS = "-fno-objc-arc"; }; };
		22C5307C153CDEF80023EAA6 /* ASIDownloadCache.m in Sources */ = {isa = PBXBuildFile; fileRef = 22C5302F153CDEF80023EAA6 /* ASIDownloadCache.m */; settings = {COMPILER_FLAGS = "-fno-objc-arc"; }; };
		22C5307D153CDEF80023EAA6 /* ASIFormDataRequest.m in Sources */ = {isa = PBXBuildFile; fileRef = 22C53031153CDEF80023EAA6 /* ASIFormDataRequest.m */; settings = {COMPILER_FLAGS = "-fno-objc-arc"; }; };
		22C5307E153CDEF80023EAA6 /* ASIHTTPRequest.m in Sources */ = {isa = PBXBuildFile; fileRef = 22C53033153CDEF80023EAA6 /* ASIHTTPRequest.m */; settings = {COMPILER_FLAGS = "-fno-objc-arc"; }; };
		22C5307F153CDEF80023EAA6 /* ASIInputStream.m in Sources */ = {isa = PBXBuildFile; fileRef = 22C53037153CDEF80023EAA6 /* ASIInputStream.m */; settings = {COMPILER_FLAGS = "-fno-objc-arc"; }; };
		22C53080153CDEF80023EAA6 /* ASINetworkQueue.m in Sources */ = {isa = PBXBuildFile; fileRef = 22C53039153CDEF80023EAA6 /* ASINetworkQueue.m */; settings = {COMPILER_FLAGS = "-fno-objc-arc"; }; };
		22C530A2153CDF1E0023EAA6 /* Reachability.m in Sources */ = {isa = PBXBuildFile; fileRef = 22C530A1153CDF1E0023EAA6 /* Reachability.m */; settings = {COMPILER_FLAGS = "-fno-objc-arc"; }; };
		22C530A4153CE0850023EAA6 /* CFNetwork.framework in Frameworks */ = {isa = PBXBuildFile; fileRef = 22C530A3153CE0850023EAA6 /* CFNetwork.framework */; };
		22C530A8153CE0BB0023EAA6 /* MobileCoreServices.framework in Frameworks */ = {isa = PBXBuildFile; fileRef = 22C530A7153CE0BB0023EAA6 /* MobileCoreServices.framework */; };
		22C530AA153CE0E90023EAA6 /* libz.dylib in Frameworks */ = {isa = PBXBuildFile; fileRef = 22C530A9153CE0E90023EAA6 /* libz.dylib */; };
		22C530CF153E049B0023EAA6 /* CXMLDocument_CreationExtensions.m in Sources */ = {isa = PBXBuildFile; fileRef = 22C530B4153E049B0023EAA6 /* CXMLDocument_CreationExtensions.m */; };
		22C530D0153E049B0023EAA6 /* CXMLNode_CreationExtensions.m in Sources */ = {isa = PBXBuildFile; fileRef = 22C530B6153E049B0023EAA6 /* CXMLNode_CreationExtensions.m */; };
		22C530D1153E049B0023EAA6 /* CXHTMLDocument.m in Sources */ = {isa = PBXBuildFile; fileRef = 22C530B8153E049B0023EAA6 /* CXHTMLDocument.m */; };
		22C530D2153E049B0023EAA6 /* CXMLDocument_PrivateExtensions.m in Sources */ = {isa = PBXBuildFile; fileRef = 22C530BA153E049B0023EAA6 /* CXMLDocument_PrivateExtensions.m */; };
		22C530D3153E049B0023EAA6 /* CXMLDocument.m in Sources */ = {isa = PBXBuildFile; fileRef = 22C530BC153E049B0023EAA6 /* CXMLDocument.m */; };
		22C530D4153E049B0023EAA6 /* CXMLElement_CreationExtensions.m in Sources */ = {isa = PBXBuildFile; fileRef = 22C530BE153E049B0023EAA6 /* CXMLElement_CreationExtensions.m */; };
		22C530D5153E049B0023EAA6 /* CXMLElement_ElementTreeExtensions.m in Sources */ = {isa = PBXBuildFile; fileRef = 22C530C0153E049B0023EAA6 /* CXMLElement_ElementTreeExtensions.m */; };
		22C530D6153E049B0023EAA6 /* CXMLElement.m in Sources */ = {isa = PBXBuildFile; fileRef = 22C530C2153E049B0023EAA6 /* CXMLElement.m */; };
		22C530D7153E049B0023EAA6 /* CXMLNamespaceNode.m in Sources */ = {isa = PBXBuildFile; fileRef = 22C530C4153E049B0023EAA6 /* CXMLNamespaceNode.m */; };
		22C530D8153E049B0023EAA6 /* CXMLNode_PrivateExtensions.m in Sources */ = {isa = PBXBuildFile; fileRef = 22C530C6153E049B0023EAA6 /* CXMLNode_PrivateExtensions.m */; };
		22C530D9153E049B0023EAA6 /* CXMLNode_XPathExtensions.m in Sources */ = {isa = PBXBuildFile; fileRef = 22C530C8153E049B0023EAA6 /* CXMLNode_XPathExtensions.m */; };
		22C530DA153E049B0023EAA6 /* CXMLNode.m in Sources */ = {isa = PBXBuildFile; fileRef = 22C530CA153E049B0023EAA6 /* CXMLNode.m */; };
		22C530DB153E049B0023EAA6 /* CTidy.m in Sources */ = {isa = PBXBuildFile; fileRef = 22C530CD153E049B0023EAA6 /* CTidy.m */; };
		22D321D2158813FC006ADD95 /* barchart_1.png in Resources */ = {isa = PBXBuildFile; fileRef = 22D321D1158813FC006ADD95 /* barchart_1.png */; };
		22ECF6D4150FE4FE00FA78F2 /* SearchViewController.m in Sources */ = {isa = PBXBuildFile; fileRef = 22ECF6D3150FE4FE00FA78F2 /* SearchViewController.m */; };
		22EFB23F151072C700581070 /* MBProgressHUD.m in Sources */ = {isa = PBXBuildFile; fileRef = 22EFB23E151072C700581070 /* MBProgressHUD.m */; };
		22EFB2441510751500581070 /* 37x-Checkmark.png in Resources */ = {isa = PBXBuildFile; fileRef = 22EFB2431510751500581070 /* 37x-Checkmark.png */; };
		22EFB24B1511402500581070 /* MessageUI.framework in Frameworks */ = {isa = PBXBuildFile; fileRef = 22EFB24A1511402500581070 /* MessageUI.framework */; };
		22F1244E15F09B6A006F716F /* Default-Landscape~ipad.png in Resources */ = {isa = PBXBuildFile; fileRef = 22F1244D15F09B6A006F716F /* Default-Landscape~ipad.png */; };
		22F1245015F09B78006F716F /* Default-Landscape@2x~ipad.png in Resources */ = {isa = PBXBuildFile; fileRef = 22F1244F15F09B78006F716F /* Default-Landscape@2x~ipad.png */; };
		22F1245215F09B8D006F716F /* Default-Portrait~ipad.png in Resources */ = {isa = PBXBuildFile; fileRef = 22F1245115F09B8D006F716F /* Default-Portrait~ipad.png */; };
		22F1245415F09BC1006F716F /* Default-Portrait@2x~ipad.png in Resources */ = {isa = PBXBuildFile; fileRef = 22F1245315F09BC1006F716F /* Default-Portrait@2x~ipad.png */; };
/* End PBXBuildFile section */

/* Begin PBXFileReference section */
		220CC29415829C3000A57386 /* ADVPercentProgressBar.h */ = {isa = PBXFileReference; fileEncoding = 4; lastKnownFileType = sourcecode.c.h; path = ADVPercentProgressBar.h; sourceTree = "<group>"; };
		220CC29515829C3000A57386 /* ADVPercentProgressBar.m */ = {isa = PBXFileReference; fileEncoding = 4; lastKnownFileType = sourcecode.c.objc; path = ADVPercentProgressBar.m; sourceTree = "<group>"; };
		220CC29715829C9400A57386 /* progress-count.png */ = {isa = PBXFileReference; lastKnownFileType = image.png; path = "progress-count.png"; sourceTree = "<group>"; };
		220CC29815829C9400A57386 /* progress-count@2x.png */ = {isa = PBXFileReference; lastKnownFileType = image.png; path = "progress-count@2x.png"; sourceTree = "<group>"; };
		220CC2AF15829EFD00A57386 /* StatisticsViewController.h */ = {isa = PBXFileReference; fileEncoding = 4; lastKnownFileType = sourcecode.c.h; path = StatisticsViewController.h; sourceTree = "<group>"; };
		220CC2B015829EFD00A57386 /* StatisticsViewController.m */ = {isa = PBXFileReference; fileEncoding = 4; lastKnownFileType = sourcecode.c.objc; path = StatisticsViewController.m; sourceTree = "<group>"; };
		222DD13A151A96DD0070FB98 /* SearchViewCell.h */ = {isa = PBXFileReference; fileEncoding = 4; lastKnownFileType = sourcecode.c.h; path = SearchViewCell.h; sourceTree = "<group>"; };
		222DD13B151A96DD0070FB98 /* SearchViewCell.m */ = {isa = PBXFileReference; fileEncoding = 4; lastKnownFileType = sourcecode.c.objc; path = SearchViewCell.m; sourceTree = "<group>"; };
		223C969A15742C6800C16D71 /* SystemConfiguration.framework */ = {isa = PBXFileReference; lastKnownFileType = wrapper.framework; name = SystemConfiguration.framework; path = System/Library/Frameworks/SystemConfiguration.framework; sourceTree = SDKROOT; };
		22422C0E15C75E7A00AA77F5 /* 37x-Checkmark@2x.png */ = {isa = PBXFileReference; lastKnownFileType = image.png; path = "37x-Checkmark@2x.png"; sourceTree = "<group>"; };
		22422C1115C7683100AA77F5 /* it */ = {isa = PBXFileReference; lastKnownFileType = text.plist.strings; name = it; path = "/Users/mauriziopinzi/Desktop/Progetti iPhone/iStand/iStand/it.lproj/InfoPlist.strings"; sourceTree = "<absolute>"; };
		22422C1215C7683100AA77F5 /* it */ = {isa = PBXFileReference; lastKnownFileType = file.storyboard; name = it; path = "/Users/mauriziopinzi/Desktop/Progetti iPhone/iStand/iStand/it.lproj/MainStoryboard.storyboard"; sourceTree = "<absolute>"; };
		22422C1815C76EDC00AA77F5 /* en */ = {isa = PBXFileReference; lastKnownFileType = text.plist.strings; name = en; path = en.lproj/Localizable.strings; sourceTree = "<group>"; };
		22422C1B15C76F3100AA77F5 /* it */ = {isa = PBXFileReference; lastKnownFileType = text.plist.strings; name = it; path = it.lproj/Localizable.strings; sourceTree = "<group>"; };
		22422C2515CAF85B00AA77F5 /* accepted_37.png */ = {isa = PBXFileReference; lastKnownFileType = image.png; path = accepted_37.png; sourceTree = "<group>"; };
		22422C2615CAF85B00AA77F5 /* accepted_48.png */ = {isa = PBXFileReference; lastKnownFileType = image.png; path = accepted_48.png; sourceTree = "<group>"; };
		22422C2715CAF85B00AA77F5 /* cancel_37.png */ = {isa = PBXFileReference; lastKnownFileType = image.png; path = cancel_37.png; sourceTree = "<group>"; };
		22422C2815CAF85B00AA77F5 /* cancel_48.png */ = {isa = PBXFileReference; lastKnownFileType = image.png; path = cancel_48.png; sourceTree = "<group>"; };
		22422C2915CAF85B00AA77F5 /* check.png */ = {isa = PBXFileReference; lastKnownFileType = image.png; path = check.png; sourceTree = "<group>"; };
		2244166214F2D49E00BDD0EA /* istand.app */ = {isa = PBXFileReference; explicitFileType = wrapper.application; includeInIndex = 0; path = istand.app; sourceTree = BUILT_PRODUCTS_DIR; };
		2244166614F2D49E00BDD0EA /* UIKit.framework */ = {isa = PBXFileReference; lastKnownFileType = wrapper.framework; name = UIKit.framework; path = System/Library/Frameworks/UIKit.framework; sourceTree = SDKROOT; };
		2244166814F2D49E00BDD0EA /* Foundation.framework */ = {isa = PBXFileReference; lastKnownFileType = wrapper.framework; name = Foundation.framework; path = System/Library/Frameworks/Foundation.framework; sourceTree = SDKROOT; };
		2244166A14F2D49E00BDD0EA /* CoreGraphics.framework */ = {isa = PBXFileReference; lastKnownFileType = wrapper.framework; name = CoreGraphics.framework; path = System/Library/Frameworks/CoreGraphics.framework; sourceTree = SDKROOT; };
		2244166C14F2D49E00BDD0EA /* CoreData.framework */ = {isa = PBXFileReference; lastKnownFileType = wrapper.framework; name = CoreData.framework; path = System/Library/Frameworks/CoreData.framework; sourceTree = SDKROOT; };
		2244167214F2D49E00BDD0EA /* en */ = {isa = PBXFileReference; lastKnownFileType = text.plist.strings; name = en; path = en.lproj/InfoPlist.strings; sourceTree = "<group>"; };
		2244167414F2D49E00BDD0EA /* main.m */ = {isa = PBXFileReference; lastKnownFileType = sourcecode.c.objc; path = main.m; sourceTree = "<group>"; };
		2244167614F2D49E00BDD0EA /* iStand-Prefix.pch */ = {isa = PBXFileReference; lastKnownFileType = sourcecode.c.h; path = "iStand-Prefix.pch"; sourceTree = "<group>"; };
		2244167714F2D49E00BDD0EA /* AppDelegate.h */ = {isa = PBXFileReference; lastKnownFileType = sourcecode.c.h; path = AppDelegate.h; sourceTree = "<group>"; };
		2244167814F2D49E00BDD0EA /* AppDelegate.m */ = {isa = PBXFileReference; lastKnownFileType = sourcecode.c.objc; path = AppDelegate.m; sourceTree = "<group>"; };
		2244167B14F2D49E00BDD0EA /* en */ = {isa = PBXFileReference; lastKnownFileType = file.storyboard; name = en; path = en.lproj/MainStoryboard.storyboard; sourceTree = "<group>"; };
		2244167E14F2D49E00BDD0EA /* iStand.xcdatamodel */ = {isa = PBXFileReference; lastKnownFileType = wrapper.xcdatamodel; path = iStand.xcdatamodel; sourceTree = "<group>"; };
		2244168014F2D49E00BDD0EA /* MainViewController.h */ = {isa = PBXFileReference; lastKnownFileType = sourcecode.c.h; path = MainViewController.h; sourceTree = "<group>"; };
		2244168114F2D49E00BDD0EA /* MainViewController.m */ = {isa = PBXFileReference; lastKnownFileType = sourcecode.c.objc; path = MainViewController.m; sourceTree = "<group>"; };
		2244168C14F2E93500BDD0EA /* EventoViewController.h */ = {isa = PBXFileReference; fileEncoding = 4; lastKnownFileType = sourcecode.c.h; path = EventoViewController.h; sourceTree = "<group>"; };
		2244168D14F2E93500BDD0EA /* EventoViewController.m */ = {isa = PBXFileReference; fileEncoding = 4; lastKnownFileType = sourcecode.c.objc; path = EventoViewController.m; sourceTree = "<group>"; };
		224416A114F2EF5C00BDD0EA /* SettingsViewController.h */ = {isa = PBXFileReference; fileEncoding = 4; lastKnownFileType = sourcecode.c.h; path = SettingsViewController.h; sourceTree = "<group>"; };
		224416A214F2EF5C00BDD0EA /* SettingsViewController.m */ = {isa = PBXFileReference; fileEncoding = 4; lastKnownFileType = sourcecode.c.objc; path = SettingsViewController.m; sourceTree = "<group>"; };
		224416AB14F4670600BDD0EA /* RowCampoDinamico.h */ = {isa = PBXFileReference; fileEncoding = 4; lastKnownFileType = sourcecode.c.h; path = RowCampoDinamico.h; sourceTree = "<group>"; };
		224416AC14F4670600BDD0EA /* RowCampoDinamico.m */ = {isa = PBXFileReference; fileEncoding = 4; lastKnownFileType = sourcecode.c.objc; path = RowCampoDinamico.m; sourceTree = "<group>"; };
		22491D4A15EF3EA100352BE3 /* segmented.png */ = {isa = PBXFileReference; lastKnownFileType = image.png; path = segmented.png; sourceTree = "<group>"; };
		22491D4B15EF3EA100352BE3 /* pickerView.png */ = {isa = PBXFileReference; lastKnownFileType = image.png; path = pickerView.png; sourceTree = "<group>"; };
		22491D4C15EF3EA100352BE3 /* textView.png */ = {isa = PBXFileReference; lastKnownFileType = image.png; path = textView.png; sourceTree = "<group>"; };
		224EA06115DD80BC0092FF50 /* CurlSegue.h */ = {isa = PBXFileReference; fileEncoding = 4; lastKnownFileType = sourcecode.c.h; path = CurlSegue.h; sourceTree = "<group>"; };
		224EA06215DD80BC0092FF50 /* CurlSegue.m */ = {isa = PBXFileReference; fileEncoding = 4; lastKnownFileType = sourcecode.c.objc; path = CurlSegue.m; sourceTree = "<group>"; };
		224EA06515DD92980092FF50 /* AboutViewController.h */ = {isa = PBXFileReference; fileEncoding = 4; lastKnownFileType = sourcecode.c.h; path = AboutViewController.h; sourceTree = "<group>"; };
		224EA06615DD92980092FF50 /* AboutViewController.m */ = {isa = PBXFileReference; fileEncoding = 4; lastKnownFileType = sourcecode.c.objc; path = AboutViewController.m; sourceTree = "<group>"; };
		225B18AD158546500099E8E6 /* iStand2_1.png */ = {isa = PBXFileReference; lastKnownFileType = image.png; path = iStand2_1.png; sourceTree = SOURCE_ROOT; };
		22628A92157EAB3B0060C737 /* Evento.m */ = {isa = PBXFileReference; fileEncoding = 4; lastKnownFileType = sourcecode.c.objc; path = Evento.m; sourceTree = "<group>"; };
		22628A94157EAB700060C737 /* CampoDinamico.m */ = {isa = PBXFileReference; fileEncoding = 4; lastKnownFileType = sourcecode.c.objc; path = CampoDinamico.m; sourceTree = "<group>"; };
		22628A95157EAB700060C737 /* Partecipante.m */ = {isa = PBXFileReference; fileEncoding = 4; lastKnownFileType = sourcecode.c.objc; path = Partecipante.m; sourceTree = "<group>"; };
		22628A96157EAB700060C737 /* Scelta.m */ = {isa = PBXFileReference; fileEncoding = 4; lastKnownFileType = sourcecode.c.objc; path = Scelta.m; sourceTree = "<group>"; };
		22628A9A157EABAC0060C737 /* AddEventoViewController.h */ = {isa = PBXFileReference; lastKnownFileType = sourcecode.c.h; path = AddEventoViewController.h; sourceTree = "<group>"; };
		22628A9B157EABAC0060C737 /* AddEventoViewController.m */ = {isa = PBXFileReference; lastKnownFileType = sourcecode.c.objc; path = AddEventoViewController.m; sourceTree = "<group>"; };
		22628A9C157EABAC0060C737 /* Constants.h */ = {isa = PBXFileReference; lastKnownFileType = sourcecode.c.h; path = Constants.h; sourceTree = "<group>"; };
		22628A9D157EABAC0060C737 /* Constants.m */ = {isa = PBXFileReference; lastKnownFileType = sourcecode.c.objc; path = Constants.m; sourceTree = "<group>"; };
		22628A9E157EABAC0060C737 /* DettPartecipanteViewController.h */ = {isa = PBXFileReference; lastKnownFileType = sourcecode.c.h; path = DettPartecipanteViewController.h; sourceTree = "<group>"; };
		22628A9F157EABAC0060C737 /* DettPartecipanteViewController.m */ = {isa = PBXFileReference; lastKnownFileType = sourcecode.c.objc; path = DettPartecipanteViewController.m; sourceTree = "<group>"; };
		226742B6157806550032B77F /* _CampoDinamico.h */ = {isa = PBXFileReference; lastKnownFileType = sourcecode.c.h; path = _CampoDinamico.h; sourceTree = "<group>"; };
		226742B7157806550032B77F /* _CampoDinamico.m */ = {isa = PBXFileReference; lastKnownFileType = sourcecode.c.objc; path = _CampoDinamico.m; sourceTree = "<group>"; };
		226742B8157806550032B77F /* _Evento.h */ = {isa = PBXFileReference; lastKnownFileType = sourcecode.c.h; path = _Evento.h; sourceTree = "<group>"; };
		226742B9157806550032B77F /* _Evento.m */ = {isa = PBXFileReference; lastKnownFileType = sourcecode.c.objc; path = _Evento.m; sourceTree = "<group>"; };
		226742BA157806550032B77F /* _Opzione.h */ = {isa = PBXFileReference; lastKnownFileType = sourcecode.c.h; path = _Opzione.h; sourceTree = "<group>"; };
		226742BB157806550032B77F /* _Opzione.m */ = {isa = PBXFileReference; lastKnownFileType = sourcecode.c.objc; path = _Opzione.m; sourceTree = "<group>"; };
		226742BC157806550032B77F /* _Partecipante.h */ = {isa = PBXFileReference; lastKnownFileType = sourcecode.c.h; path = _Partecipante.h; sourceTree = "<group>"; };
		226742BD157806550032B77F /* _Partecipante.m */ = {isa = PBXFileReference; lastKnownFileType = sourcecode.c.objc; path = _Partecipante.m; sourceTree = "<group>"; };
		226742BE157806550032B77F /* _Registrazione.h */ = {isa = PBXFileReference; lastKnownFileType = sourcecode.c.h; path = _Registrazione.h; sourceTree = "<group>"; };
		226742BF157806550032B77F /* _Registrazione.m */ = {isa = PBXFileReference; lastKnownFileType = sourcecode.c.objc; path = _Registrazione.m; sourceTree = "<group>"; };
		226742C0157806550032B77F /* _Scelta.h */ = {isa = PBXFileReference; lastKnownFileType = sourcecode.c.h; path = _Scelta.h; sourceTree = "<group>"; };
		226742C1157806550032B77F /* _Scelta.m */ = {isa = PBXFileReference; lastKnownFileType = sourcecode.c.objc; path = _Scelta.m; sourceTree = "<group>"; };
		226742C2157806550032B77F /* CampoDinamico.h */ = {isa = PBXFileReference; lastKnownFileType = sourcecode.c.h; path = CampoDinamico.h; sourceTree = "<group>"; };
		226742C4157806550032B77F /* Evento.h */ = {isa = PBXFileReference; lastKnownFileType = sourcecode.c.h; path = Evento.h; sourceTree = "<group>"; };
		226742C6157806550032B77F /* Opzione.h */ = {isa = PBXFileReference; lastKnownFileType = sourcecode.c.h; path = Opzione.h; sourceTree = "<group>"; };
		226742C7157806550032B77F /* Opzione.m */ = {isa = PBXFileReference; lastKnownFileType = sourcecode.c.objc; path = Opzione.m; sourceTree = "<group>"; };
		226742C8157806550032B77F /* Partecipante.h */ = {isa = PBXFileReference; lastKnownFileType = sourcecode.c.h; path = Partecipante.h; sourceTree = "<group>"; };
		226742CA157806550032B77F /* Registrazione.h */ = {isa = PBXFileReference; lastKnownFileType = sourcecode.c.h; path = Registrazione.h; sourceTree = "<group>"; };
		226742CB157806550032B77F /* Registrazione.m */ = {isa = PBXFileReference; lastKnownFileType = sourcecode.c.objc; path = Registrazione.m; sourceTree = "<group>"; };
		226742CC157806550032B77F /* Scelta.h */ = {isa = PBXFileReference; lastKnownFileType = sourcecode.c.h; path = Scelta.h; sourceTree = "<group>"; };
		226742D4157811060032B77F /* MyTextView.h */ = {isa = PBXFileReference; fileEncoding = 4; lastKnownFileType = sourcecode.c.h; path = MyTextView.h; sourceTree = "<group>"; };
		226742D5157811060032B77F /* MyTextView.m */ = {isa = PBXFileReference; fileEncoding = 4; lastKnownFileType = sourcecode.c.objc; path = MyTextView.m; sourceTree = "<group>"; };
		226742D71578977C0032B77F /* DefaultDelegate.h */ = {isa = PBXFileReference; fileEncoding = 4; lastKnownFileType = sourcecode.c.h; path = DefaultDelegate.h; sourceTree = "<group>"; };
		226742D81578977C0032B77F /* DefaultDelegate.m */ = {isa = PBXFileReference; fileEncoding = 4; lastKnownFileType = sourcecode.c.objc; path = DefaultDelegate.m; sourceTree = "<group>"; };
		226742DA15789F990032B77F /* MyTextField.h */ = {isa = PBXFileReference; fileEncoding = 4; lastKnownFileType = sourcecode.c.h; path = MyTextField.h; sourceTree = "<group>"; };
		226742DB15789F990032B77F /* MyTextField.m */ = {isa = PBXFileReference; fileEncoding = 4; lastKnownFileType = sourcecode.c.objc; path = MyTextField.m; sourceTree = "<group>"; };
		226742DD1578AAE10032B77F /* Test.h */ = {isa = PBXFileReference; lastKnownFileType = sourcecode.c.h; path = Test.h; sourceTree = "<group>"; };
		226742DE1578AAE10032B77F /* Test.m */ = {isa = PBXFileReference; lastKnownFileType = sourcecode.c.objc; path = Test.m; sourceTree = "<group>"; };
		22725CB1159774BC00AE5B6F /* backLandscape.jpg */ = {isa = PBXFileReference; lastKnownFileType = image.jpeg; path = backLandscape.jpg; sourceTree = "<group>"; };
		22725CB2159774BC00AE5B6F /* backPortrait.jpg */ = {isa = PBXFileReference; lastKnownFileType = image.jpeg; path = backPortrait.jpg; sourceTree = "<group>"; };
		22725CB91597973500AE5B6F /* CommonViewController.h */ = {isa = PBXFileReference; fileEncoding = 4; lastKnownFileType = sourcecode.c.h; path = CommonViewController.h; sourceTree = "<group>"; };
		22725CBA1597973500AE5B6F /* CommonViewController.m */ = {isa = PBXFileReference; fileEncoding = 4; lastKnownFileType = sourcecode.c.objc; path = CommonViewController.m; sourceTree = "<group>"; };
		22816D24157D55C200354C6B /* CoreDataUtility.h */ = {isa = PBXFileReference; fileEncoding = 4; lastKnownFileType = sourcecode.c.h; path = CoreDataUtility.h; sourceTree = "<group>"; };
		22816D25157D55C200354C6B /* CoreDataUtility.m */ = {isa = PBXFileReference; fileEncoding = 4; lastKnownFileType = sourcecode.c.objc; path = CoreDataUtility.m; sourceTree = "<group>"; };
		22977C121531902900F6888D /* AddEventoViewCell.h */ = {isa = PBXFileReference; fileEncoding = 4; lastKnownFileType = sourcecode.c.h; path = AddEventoViewCell.h; sourceTree = "<group>"; };
		22977C131531902900F6888D /* AddEventoViewCell.m */ = {isa = PBXFileReference; fileEncoding = 4; lastKnownFileType = sourcecode.c.objc; path = AddEventoViewCell.m; sourceTree = "<group>"; };
		22977C2A15349DD300F6888D /* settingsIcon.png */ = {isa = PBXFileReference; lastKnownFileType = image.png; path = settingsIcon.png; sourceTree = "<group>"; };
		22A97A8B1589B4E000508179 /* fax.png */ = {isa = PBXFileReference; lastKnownFileType = image.png; path = fax.png; sourceTree = "<group>"; };
		22A97A8C1589B4E000508179 /* iphone_icon.png */ = {isa = PBXFileReference; lastKnownFileType = image.png; path = iphone_icon.png; sourceTree = "<group>"; };
		22A97A8D1589B4E000508179 /* mail.png */ = {isa = PBXFileReference; lastKnownFileType = image.png; path = mail.png; sourceTree = "<group>"; };
		22A97A8E1589B4E000508179 /* phone.png */ = {isa = PBXFileReference; lastKnownFileType = image.png; path = phone.png; sourceTree = "<group>"; };
		22A97A8F1589B4E000508179 /* progress-fill-blue.png */ = {isa = PBXFileReference; lastKnownFileType = image.png; path = "progress-fill-blue.png"; sourceTree = "<group>"; };
		22A97A901589B4E000508179 /* progress-fill-gray.png */ = {isa = PBXFileReference; lastKnownFileType = image.png; path = "progress-fill-gray.png"; sourceTree = "<group>"; };
		22A97A911589B4E000508179 /* progress-fill-pink.png */ = {isa = PBXFileReference; lastKnownFileType = image.png; path = "progress-fill-pink.png"; sourceTree = "<group>"; };
		22A97A921589B4E000508179 /* progress-fill-red.png */ = {isa = PBXFileReference; lastKnownFileType = image.png; path = "progress-fill-red.png"; sourceTree = "<group>"; };
		22A97A931589B4E000508179 /* progress-fill-water.png */ = {isa = PBXFileReference; lastKnownFileType = image.png; path = "progress-fill-water.png"; sourceTree = "<group>"; };
		22A97A941589B4E000508179 /* progress-fill-yellow.png */ = {isa = PBXFileReference; lastKnownFileType = image.png; path = "progress-fill-yellow.png"; sourceTree = "<group>"; };
		22A97A9F1589B5C700508179 /* progress-fill-green.png */ = {isa = PBXFileReference; lastKnownFileType = image.png; path = "progress-fill-green.png"; sourceTree = "<group>"; };
		22A97AA5158B064400508179 /* progress-track.png */ = {isa = PBXFileReference; lastKnownFileType = image.png; path = "progress-track.png"; sourceTree = "<group>"; };
		22C4B5F6159270160015151D /* iStand144x144.png */ = {isa = PBXFileReference; lastKnownFileType = image.png; path = iStand144x144.png; sourceTree = SOURCE_ROOT; };
		22C53027153CDEF80023EAA6 /* ASIAuthenticationDialog.h */ = {isa = PBXFileReference; fileEncoding = 4; lastKnownFileType = sourcecode.c.h; path = ASIAuthenticationDialog.h; sourceTree = "<group>"; };
		22C53028153CDEF80023EAA6 /* ASIAuthenticationDialog.m */ = {isa = PBXFileReference; fileEncoding = 4; lastKnownFileType = sourcecode.c.objc; path = ASIAuthenticationDialog.m; sourceTree = "<group>"; };
		22C53029153CDEF80023EAA6 /* ASICacheDelegate.h */ = {isa = PBXFileReference; fileEncoding = 4; lastKnownFileType = sourcecode.c.h; path = ASICacheDelegate.h; sourceTree = "<group>"; };
		22C5302A153CDEF80023EAA6 /* ASIDataCompressor.h */ = {isa = PBXFileReference; fileEncoding = 4; lastKnownFileType = sourcecode.c.h; path = ASIDataCompressor.h; sourceTree = "<group>"; };
		22C5302B153CDEF80023EAA6 /* ASIDataCompressor.m */ = {isa = PBXFileReference; fileEncoding = 4; lastKnownFileType = sourcecode.c.objc; path = ASIDataCompressor.m; sourceTree = "<group>"; };
		22C5302C153CDEF80023EAA6 /* ASIDataDecompressor.h */ = {isa = PBXFileReference; fileEncoding = 4; lastKnownFileType = sourcecode.c.h; path = ASIDataDecompressor.h; sourceTree = "<group>"; };
		22C5302D153CDEF80023EAA6 /* ASIDataDecompressor.m */ = {isa = PBXFileReference; fileEncoding = 4; lastKnownFileType = sourcecode.c.objc; path = ASIDataDecompressor.m; sourceTree = "<group>"; };
		22C5302E153CDEF80023EAA6 /* ASIDownloadCache.h */ = {isa = PBXFileReference; fileEncoding = 4; lastKnownFileType = sourcecode.c.h; path = ASIDownloadCache.h; sourceTree = "<group>"; };
		22C5302F153CDEF80023EAA6 /* ASIDownloadCache.m */ = {isa = PBXFileReference; fileEncoding = 4; lastKnownFileType = sourcecode.c.objc; path = ASIDownloadCache.m; sourceTree = "<group>"; };
		22C53030153CDEF80023EAA6 /* ASIFormDataRequest.h */ = {isa = PBXFileReference; fileEncoding = 4; lastKnownFileType = sourcecode.c.h; path = ASIFormDataRequest.h; sourceTree = "<group>"; };
		22C53031153CDEF80023EAA6 /* ASIFormDataRequest.m */ = {isa = PBXFileReference; fileEncoding = 4; lastKnownFileType = sourcecode.c.objc; path = ASIFormDataRequest.m; sourceTree = "<group>"; };
		22C53032153CDEF80023EAA6 /* ASIHTTPRequest.h */ = {isa = PBXFileReference; fileEncoding = 4; lastKnownFileType = sourcecode.c.h; path = ASIHTTPRequest.h; sourceTree = "<group>"; };
		22C53033153CDEF80023EAA6 /* ASIHTTPRequest.m */ = {isa = PBXFileReference; fileEncoding = 4; lastKnownFileType = sourcecode.c.objc; path = ASIHTTPRequest.m; sourceTree = "<group>"; };
		22C53034153CDEF80023EAA6 /* ASIHTTPRequestConfig.h */ = {isa = PBXFileReference; fileEncoding = 4; lastKnownFileType = sourcecode.c.h; path = ASIHTTPRequestConfig.h; sourceTree = "<group>"; };
		22C53035153CDEF80023EAA6 /* ASIHTTPRequestDelegate.h */ = {isa = PBXFileReference; fileEncoding = 4; lastKnownFileType = sourcecode.c.h; path = ASIHTTPRequestDelegate.h; sourceTree = "<group>"; };
		22C53036153CDEF80023EAA6 /* ASIInputStream.h */ = {isa = PBXFileReference; fileEncoding = 4; lastKnownFileType = sourcecode.c.h; path = ASIInputStream.h; sourceTree = "<group>"; };
		22C53037153CDEF80023EAA6 /* ASIInputStream.m */ = {isa = PBXFileReference; fileEncoding = 4; lastKnownFileType = sourcecode.c.objc; path = ASIInputStream.m; sourceTree = "<group>"; };
		22C53038153CDEF80023EAA6 /* ASINetworkQueue.h */ = {isa = PBXFileReference; fileEncoding = 4; lastKnownFileType = sourcecode.c.h; path = ASINetworkQueue.h; sourceTree = "<group>"; };
		22C53039153CDEF80023EAA6 /* ASINetworkQueue.m */ = {isa = PBXFileReference; fileEncoding = 4; lastKnownFileType = sourcecode.c.objc; path = ASINetworkQueue.m; sourceTree = "<group>"; };
		22C5303A153CDEF80023EAA6 /* ASIProgressDelegate.h */ = {isa = PBXFileReference; fileEncoding = 4; lastKnownFileType = sourcecode.c.h; path = ASIProgressDelegate.h; sourceTree = "<group>"; };
		22C530A0153CDF1E0023EAA6 /* Reachability.h */ = {isa = PBXFileReference; fileEncoding = 4; lastKnownFileType = sourcecode.c.h; path = Reachability.h; sourceTree = "<group>"; };
		22C530A1153CDF1E0023EAA6 /* Reachability.m */ = {isa = PBXFileReference; fileEncoding = 4; lastKnownFileType = sourcecode.c.objc; path = Reachability.m; sourceTree = "<group>"; };
		22C530A3153CE0850023EAA6 /* CFNetwork.framework */ = {isa = PBXFileReference; lastKnownFileType = wrapper.framework; name = CFNetwork.framework; path = System/Library/Frameworks/CFNetwork.framework; sourceTree = SDKROOT; };
		22C530A7153CE0BB0023EAA6 /* MobileCoreServices.framework */ = {isa = PBXFileReference; lastKnownFileType = wrapper.framework; name = MobileCoreServices.framework; path = System/Library/Frameworks/MobileCoreServices.framework; sourceTree = SDKROOT; };
		22C530A9153CE0E90023EAA6 /* libz.dylib */ = {isa = PBXFileReference; lastKnownFileType = "compiled.mach-o.dylib"; name = libz.dylib; path = usr/lib/libz.dylib; sourceTree = SDKROOT; };
		22C530B3153E049B0023EAA6 /* CXMLDocument_CreationExtensions.h */ = {isa = PBXFileReference; fileEncoding = 4; lastKnownFileType = sourcecode.c.h; path = CXMLDocument_CreationExtensions.h; sourceTree = "<group>"; };
		22C530B4153E049B0023EAA6 /* CXMLDocument_CreationExtensions.m */ = {isa = PBXFileReference; fileEncoding = 4; lastKnownFileType = sourcecode.c.objc; path = CXMLDocument_CreationExtensions.m; sourceTree = "<group>"; };
		22C530B5153E049B0023EAA6 /* CXMLNode_CreationExtensions.h */ = {isa = PBXFileReference; fileEncoding = 4; lastKnownFileType = sourcecode.c.h; path = CXMLNode_CreationExtensions.h; sourceTree = "<group>"; };
		22C530B6153E049B0023EAA6 /* CXMLNode_CreationExtensions.m */ = {isa = PBXFileReference; fileEncoding = 4; lastKnownFileType = sourcecode.c.objc; path = CXMLNode_CreationExtensions.m; sourceTree = "<group>"; };
		22C530B7153E049B0023EAA6 /* CXHTMLDocument.h */ = {isa = PBXFileReference; fileEncoding = 4; lastKnownFileType = sourcecode.c.h; path = CXHTMLDocument.h; sourceTree = "<group>"; };
		22C530B8153E049B0023EAA6 /* CXHTMLDocument.m */ = {isa = PBXFileReference; fileEncoding = 4; lastKnownFileType = sourcecode.c.objc; path = CXHTMLDocument.m; sourceTree = "<group>"; };
		22C530B9153E049B0023EAA6 /* CXMLDocument_PrivateExtensions.h */ = {isa = PBXFileReference; fileEncoding = 4; lastKnownFileType = sourcecode.c.h; path = CXMLDocument_PrivateExtensions.h; sourceTree = "<group>"; };
		22C530BA153E049B0023EAA6 /* CXMLDocument_PrivateExtensions.m */ = {isa = PBXFileReference; fileEncoding = 4; lastKnownFileType = sourcecode.c.objc; path = CXMLDocument_PrivateExtensions.m; sourceTree = "<group>"; };
		22C530BB153E049B0023EAA6 /* CXMLDocument.h */ = {isa = PBXFileReference; fileEncoding = 4; lastKnownFileType = sourcecode.c.h; path = CXMLDocument.h; sourceTree = "<group>"; };
		22C530BC153E049B0023EAA6 /* CXMLDocument.m */ = {isa = PBXFileReference; fileEncoding = 4; lastKnownFileType = sourcecode.c.objc; path = CXMLDocument.m; sourceTree = "<group>"; };
		22C530BD153E049B0023EAA6 /* CXMLElement_CreationExtensions.h */ = {isa = PBXFileReference; fileEncoding = 4; lastKnownFileType = sourcecode.c.h; path = CXMLElement_CreationExtensions.h; sourceTree = "<group>"; };
		22C530BE153E049B0023EAA6 /* CXMLElement_CreationExtensions.m */ = {isa = PBXFileReference; fileEncoding = 4; lastKnownFileType = sourcecode.c.objc; path = CXMLElement_CreationExtensions.m; sourceTree = "<group>"; };
		22C530BF153E049B0023EAA6 /* CXMLElement_ElementTreeExtensions.h */ = {isa = PBXFileReference; fileEncoding = 4; lastKnownFileType = sourcecode.c.h; path = CXMLElement_ElementTreeExtensions.h; sourceTree = "<group>"; };
		22C530C0153E049B0023EAA6 /* CXMLElement_ElementTreeExtensions.m */ = {isa = PBXFileReference; fileEncoding = 4; lastKnownFileType = sourcecode.c.objc; path = CXMLElement_ElementTreeExtensions.m; sourceTree = "<group>"; };
		22C530C1153E049B0023EAA6 /* CXMLElement.h */ = {isa = PBXFileReference; fileEncoding = 4; lastKnownFileType = sourcecode.c.h; path = CXMLElement.h; sourceTree = "<group>"; };
		22C530C2153E049B0023EAA6 /* CXMLElement.m */ = {isa = PBXFileReference; fileEncoding = 4; lastKnownFileType = sourcecode.c.objc; path = CXMLElement.m; sourceTree = "<group>"; };
		22C530C3153E049B0023EAA6 /* CXMLNamespaceNode.h */ = {isa = PBXFileReference; fileEncoding = 4; lastKnownFileType = sourcecode.c.h; path = CXMLNamespaceNode.h; sourceTree = "<group>"; };
		22C530C4153E049B0023EAA6 /* CXMLNamespaceNode.m */ = {isa = PBXFileReference; fileEncoding = 4; lastKnownFileType = sourcecode.c.objc; path = CXMLNamespaceNode.m; sourceTree = "<group>"; };
		22C530C5153E049B0023EAA6 /* CXMLNode_PrivateExtensions.h */ = {isa = PBXFileReference; fileEncoding = 4; lastKnownFileType = sourcecode.c.h; path = CXMLNode_PrivateExtensions.h; sourceTree = "<group>"; };
		22C530C6153E049B0023EAA6 /* CXMLNode_PrivateExtensions.m */ = {isa = PBXFileReference; fileEncoding = 4; lastKnownFileType = sourcecode.c.objc; path = CXMLNode_PrivateExtensions.m; sourceTree = "<group>"; };
		22C530C7153E049B0023EAA6 /* CXMLNode_XPathExtensions.h */ = {isa = PBXFileReference; fileEncoding = 4; lastKnownFileType = sourcecode.c.h; path = CXMLNode_XPathExtensions.h; sourceTree = "<group>"; };
		22C530C8153E049B0023EAA6 /* CXMLNode_XPathExtensions.m */ = {isa = PBXFileReference; fileEncoding = 4; lastKnownFileType = sourcecode.c.objc; path = CXMLNode_XPathExtensions.m; sourceTree = "<group>"; };
		22C530C9153E049B0023EAA6 /* CXMLNode.h */ = {isa = PBXFileReference; fileEncoding = 4; lastKnownFileType = sourcecode.c.h; path = CXMLNode.h; sourceTree = "<group>"; };
		22C530CA153E049B0023EAA6 /* CXMLNode.m */ = {isa = PBXFileReference; fileEncoding = 4; lastKnownFileType = sourcecode.c.objc; path = CXMLNode.m; sourceTree = "<group>"; };
		22C530CC153E049B0023EAA6 /* CTidy.h */ = {isa = PBXFileReference; fileEncoding = 4; lastKnownFileType = sourcecode.c.h; path = CTidy.h; sourceTree = "<group>"; };
		22C530CD153E049B0023EAA6 /* CTidy.m */ = {isa = PBXFileReference; fileEncoding = 4; lastKnownFileType = sourcecode.c.objc; path = CTidy.m; sourceTree = "<group>"; };
		22C530CE153E049B0023EAA6 /* TouchXML.h */ = {isa = PBXFileReference; fileEncoding = 4; lastKnownFileType = sourcecode.c.h; path = TouchXML.h; sourceTree = "<group>"; };
		22D321D1158813FC006ADD95 /* barchart_1.png */ = {isa = PBXFileReference; lastKnownFileType = image.png; path = barchart_1.png; sourceTree = "<group>"; };
		22ECF6D2150FE4FE00FA78F2 /* SearchViewController.h */ = {isa = PBXFileReference; fileEncoding = 4; lastKnownFileType = sourcecode.c.h; path = SearchViewController.h; sourceTree = "<group>"; };
		22ECF6D3150FE4FE00FA78F2 /* SearchViewController.m */ = {isa = PBXFileReference; fileEncoding = 4; lastKnownFileType = sourcecode.c.objc; path = SearchViewController.m; sourceTree = "<group>"; };
		22EFB23D151072C700581070 /* MBProgressHUD.h */ = {isa = PBXFileReference; fileEncoding = 4; lastKnownFileType = sourcecode.c.h; path = MBProgressHUD.h; sourceTree = "<group>"; };
		22EFB23E151072C700581070 /* MBProgressHUD.m */ = {isa = PBXFileReference; fileEncoding = 4; lastKnownFileType = sourcecode.c.objc; path = MBProgressHUD.m; sourceTree = "<group>"; };
		22EFB2431510751500581070 /* 37x-Checkmark.png */ = {isa = PBXFileReference; lastKnownFileType = image.png; path = "37x-Checkmark.png"; sourceTree = "<group>"; };
		22EFB24A1511402500581070 /* MessageUI.framework */ = {isa = PBXFileReference; lastKnownFileType = wrapper.framework; name = MessageUI.framework; path = System/Library/Frameworks/MessageUI.framework; sourceTree = SDKROOT; };
		22F1244D15F09B6A006F716F /* Default-Landscape~ipad.png */ = {isa = PBXFileReference; lastKnownFileType = image.png; name = "Default-Landscape~ipad.png"; path = "../Default-Landscape~ipad.png"; sourceTree = "<group>"; };
		22F1244F15F09B78006F716F /* Default-Landscape@2x~ipad.png */ = {isa = PBXFileReference; lastKnownFileType = image.png; name = "Default-Landscape@2x~ipad.png"; path = "../Default-Landscape@2x~ipad.png"; sourceTree = "<group>"; };
		22F1245115F09B8D006F716F /* Default-Portrait~ipad.png */ = {isa = PBXFileReference; lastKnownFileType = image.png; name = "Default-Portrait~ipad.png"; path = "../Default-Portrait~ipad.png"; sourceTree = "<group>"; };
		22F1245315F09BC1006F716F /* Default-Portrait@2x~ipad.png */ = {isa = PBXFileReference; lastKnownFileType = image.png; name = "Default-Portrait@2x~ipad.png"; path = "../Default-Portrait@2x~ipad.png"; sourceTree = "<group>"; };
		22F1245A15F09F78006F716F /* iStand-Info.plist */ = {isa = PBXFileReference; fileEncoding = 4; lastKnownFileType = text.plist.xml; path = "iStand-Info.plist"; sourceTree = "<group>"; };
/* End PBXFileReference section */

/* Begin PBXFrameworksBuildPhase section */
		2244165F14F2D49E00BDD0EA /* Frameworks */ = {
			isa = PBXFrameworksBuildPhase;
			buildActionMask = 2147483647;
			files = (
				223C969B15742C6800C16D71 /* SystemConfiguration.framework in Frameworks */,
				22C530AA153CE0E90023EAA6 /* libz.dylib in Frameworks */,
				22C530A8153CE0BB0023EAA6 /* MobileCoreServices.framework in Frameworks */,
				22C530A4153CE0850023EAA6 /* CFNetwork.framework in Frameworks */,
				22EFB24B1511402500581070 /* MessageUI.framework in Frameworks */,
				2244166714F2D49E00BDD0EA /* UIKit.framework in Frameworks */,
				2244166914F2D49E00BDD0EA /* Foundation.framework in Frameworks */,
				2244166B14F2D49E00BDD0EA /* CoreGraphics.framework in Frameworks */,
				2244166D14F2D49E00BDD0EA /* CoreData.framework in Frameworks */,
			);
			runOnlyForDeploymentPostprocessing = 0;
		};
/* End PBXFrameworksBuildPhase section */

/* Begin PBXGroup section */
		2202560C1542D84900B2D438 /* Test */ = {
			isa = PBXGroup;
			children = (
				226742DD1578AAE10032B77F /* Test.h */,
				226742DE1578AAE10032B77F /* Test.m */,
			);
			name = Test;
			sourceTree = "<group>";
		};
		220CC29215829C0A00A57386 /* barchart */ = {
			isa = PBXGroup;
			children = (
				220CC29415829C3000A57386 /* ADVPercentProgressBar.h */,
				220CC29515829C3000A57386 /* ADVPercentProgressBar.m */,
			);
			name = barchart;
			sourceTree = "<group>";
		};
		2244165714F2D49D00BDD0EA = {
			isa = PBXGroup;
			children = (
				2244166E14F2D49E00BDD0EA /* iStand */,
				2244166514F2D49E00BDD0EA /* Frameworks */,
				2244166314F2D49E00BDD0EA /* Products */,
			);
			sourceTree = "<group>";
		};
		2244166314F2D49E00BDD0EA /* Products */ = {
			isa = PBXGroup;
			children = (
				2244166214F2D49E00BDD0EA /* istand.app */,
			);
			name = Products;
			sourceTree = "<group>";
		};
		2244166514F2D49E00BDD0EA /* Frameworks */ = {
			isa = PBXGroup;
			children = (
				22C530A9153CE0E90023EAA6 /* libz.dylib */,
				223C969A15742C6800C16D71 /* SystemConfiguration.framework */,
				22C530A7153CE0BB0023EAA6 /* MobileCoreServices.framework */,
				22C530A3153CE0850023EAA6 /* CFNetwork.framework */,
				22EFB24A1511402500581070 /* MessageUI.framework */,
				2244166614F2D49E00BDD0EA /* UIKit.framework */,
				2244166814F2D49E00BDD0EA /* Foundation.framework */,
				2244166A14F2D49E00BDD0EA /* CoreGraphics.framework */,
				2244166C14F2D49E00BDD0EA /* CoreData.framework */,
			);
			name = Frameworks;
			sourceTree = "<group>";
		};
		2244166E14F2D49E00BDD0EA /* iStand */ = {
			isa = PBXGroup;
			children = (
				226742D3157810BF0032B77F /* Custom Control */,
				2202560C1542D84900B2D438 /* Test */,
				2254BA94152E260C0063EF98 /* Tableview */,
				22EFB242151074FA00581070 /* Resources */,
				22EFB2411510730000581070 /* Lib */,
				2244166F14F2D49E00BDD0EA /* Supporting Files */,
				2244168B14F2D74B00BDD0EA /* Datamodel */,
				2244167714F2D49E00BDD0EA /* AppDelegate.h */,
				2244167814F2D49E00BDD0EA /* AppDelegate.m */,
				22725CB91597973500AE5B6F /* CommonViewController.h */,
				22725CBA1597973500AE5B6F /* CommonViewController.m */,
				2244168014F2D49E00BDD0EA /* MainViewController.h */,
				2244168114F2D49E00BDD0EA /* MainViewController.m */,
				2244167A14F2D49E00BDD0EA /* MainStoryboard.storyboard */,
				2244167D14F2D49E00BDD0EA /* iStand.xcdatamodeld */,
				220CC2AF15829EFD00A57386 /* StatisticsViewController.h */,
				220CC2B015829EFD00A57386 /* StatisticsViewController.m */,
				22628A9A157EABAC0060C737 /* AddEventoViewController.h */,
				22628A9B157EABAC0060C737 /* AddEventoViewController.m */,
				22628A9C157EABAC0060C737 /* Constants.h */,
				22628A9D157EABAC0060C737 /* Constants.m */,
				22628A9E157EABAC0060C737 /* DettPartecipanteViewController.h */,
				22628A9F157EABAC0060C737 /* DettPartecipanteViewController.m */,
				2244168C14F2E93500BDD0EA /* EventoViewController.h */,
				2244168D14F2E93500BDD0EA /* EventoViewController.m */,
				224416A114F2EF5C00BDD0EA /* SettingsViewController.h */,
				224416A214F2EF5C00BDD0EA /* SettingsViewController.m */,
				22ECF6D2150FE4FE00FA78F2 /* SearchViewController.h */,
				22ECF6D3150FE4FE00FA78F2 /* SearchViewController.m */,
				224EA06515DD92980092FF50 /* AboutViewController.h */,
				224EA06615DD92980092FF50 /* AboutViewController.m */,
			);
			path = iStand;
			sourceTree = "<group>";
		};
		2244166F14F2D49E00BDD0EA /* Supporting Files */ = {
			isa = PBXGroup;
			children = (
				22422C1715C76EDC00AA77F5 /* Localizable.strings */,
				2244167114F2D49E00BDD0EA /* InfoPlist.strings */,
				2244167414F2D49E00BDD0EA /* main.m */,
				2244167614F2D49E00BDD0EA /* iStand-Prefix.pch */,
				22F1245A15F09F78006F716F /* iStand-Info.plist */,
			);
			name = "Supporting Files";
			sourceTree = "<group>";
		};
		2244168B14F2D74B00BDD0EA /* Datamodel */ = {
			isa = PBXGroup;
			children = (
				226742B6157806550032B77F /* _CampoDinamico.h */,
				226742B7157806550032B77F /* _CampoDinamico.m */,
				226742B8157806550032B77F /* _Evento.h */,
				226742B9157806550032B77F /* _Evento.m */,
				226742BA157806550032B77F /* _Opzione.h */,
				226742BB157806550032B77F /* _Opzione.m */,
				226742BC157806550032B77F /* _Partecipante.h */,
				226742BD157806550032B77F /* _Partecipante.m */,
				226742BE157806550032B77F /* _Registrazione.h */,
				226742BF157806550032B77F /* _Registrazione.m */,
				226742C0157806550032B77F /* _Scelta.h */,
				226742C1157806550032B77F /* _Scelta.m */,
				226742C2157806550032B77F /* CampoDinamico.h */,
				22628A94157EAB700060C737 /* CampoDinamico.m */,
				226742C4157806550032B77F /* Evento.h */,
				22628A92157EAB3B0060C737 /* Evento.m */,
				226742CC157806550032B77F /* Scelta.h */,
				22628A96157EAB700060C737 /* Scelta.m */,
				226742C6157806550032B77F /* Opzione.h */,
				226742C7157806550032B77F /* Opzione.m */,
				226742C8157806550032B77F /* Partecipante.h */,
				22628A95157EAB700060C737 /* Partecipante.m */,
				226742CA157806550032B77F /* Registrazione.h */,
				226742CB157806550032B77F /* Registrazione.m */,
				22816D24157D55C200354C6B /* CoreDataUtility.h */,
				22816D25157D55C200354C6B /* CoreDataUtility.m */,
			);
			name = Datamodel;
			sourceTree = "<group>";
		};
		2254BA94152E260C0063EF98 /* Tableview */ = {
			isa = PBXGroup;
			children = (
				222DD13A151A96DD0070FB98 /* SearchViewCell.h */,
				222DD13B151A96DD0070FB98 /* SearchViewCell.m */,
				224416AB14F4670600BDD0EA /* RowCampoDinamico.h */,
				224416AC14F4670600BDD0EA /* RowCampoDinamico.m */,
				22977C121531902900F6888D /* AddEventoViewCell.h */,
				22977C131531902900F6888D /* AddEventoViewCell.m */,
			);
			name = Tableview;
			sourceTree = "<group>";
		};
		226742D3157810BF0032B77F /* Custom Control */ = {
			isa = PBXGroup;
			children = (
				226742D4157811060032B77F /* MyTextView.h */,
				226742D5157811060032B77F /* MyTextView.m */,
				226742D71578977C0032B77F /* DefaultDelegate.h */,
				226742D81578977C0032B77F /* DefaultDelegate.m */,
				226742DA15789F990032B77F /* MyTextField.h */,
				226742DB15789F990032B77F /* MyTextField.m */,
				224EA06115DD80BC0092FF50 /* CurlSegue.h */,
				224EA06215DD80BC0092FF50 /* CurlSegue.m */,
			);
			name = "Custom Control";
			sourceTree = "<group>";
		};
		22725CB51597957F00AE5B6F /* background */ = {
			isa = PBXGroup;
			children = (
				22F1245315F09BC1006F716F /* Default-Portrait@2x~ipad.png */,
				22F1245115F09B8D006F716F /* Default-Portrait~ipad.png */,
				22F1244F15F09B78006F716F /* Default-Landscape@2x~ipad.png */,
				22F1244D15F09B6A006F716F /* Default-Landscape~ipad.png */,
				22725CB1159774BC00AE5B6F /* backLandscape.jpg */,
				22725CB2159774BC00AE5B6F /* backPortrait.jpg */,
			);
			name = background;
			sourceTree = "<group>";
		};
		22725CB6159795B100AE5B6F /* icon */ = {
			isa = PBXGroup;
			children = (
				22C4B5F6159270160015151D /* iStand144x144.png */,
				225B18AD158546500099E8E6 /* iStand2_1.png */,
			);
			name = icon;
			sourceTree = "<group>";
		};
		22725CB7159795CB00AE5B6F /* barchart */ = {
			isa = PBXGroup;
			children = (
				220CC29715829C9400A57386 /* progress-count.png */,
				220CC29815829C9400A57386 /* progress-count@2x.png */,
				22A97AA5158B064400508179 /* progress-track.png */,
				22A97A9F1589B5C700508179 /* progress-fill-green.png */,
				22A97A8F1589B4E000508179 /* progress-fill-blue.png */,
				22A97A901589B4E000508179 /* progress-fill-gray.png */,
				22A97A911589B4E000508179 /* progress-fill-pink.png */,
				22A97A921589B4E000508179 /* progress-fill-red.png */,
				22A97A931589B4E000508179 /* progress-fill-water.png */,
				22A97A941589B4E000508179 /* progress-fill-yellow.png */,
			);
			name = barchart;
			sourceTree = "<group>";
		};
		22725CB81597965E00AE5B6F /* campidinamici */ = {
			isa = PBXGroup;
			children = (
				22491D4A15EF3EA100352BE3 /* segmented.png */,
				22491D4B15EF3EA100352BE3 /* pickerView.png */,
				22491D4C15EF3EA100352BE3 /* textView.png */,
			);
			name = campidinamici;
			sourceTree = "<group>";
		};
		22C53026153CDEF80023EAA6 /* asihttp */ = {
			isa = PBXGroup;
			children = (
				22C5309F153CDF1E0023EAA6 /* Reachability */,
				22C53027153CDEF80023EAA6 /* ASIAuthenticationDialog.h */,
				22C53028153CDEF80023EAA6 /* ASIAuthenticationDialog.m */,
				22C53029153CDEF80023EAA6 /* ASICacheDelegate.h */,
				22C5302A153CDEF80023EAA6 /* ASIDataCompressor.h */,
				22C5302B153CDEF80023EAA6 /* ASIDataCompressor.m */,
				22C5302C153CDEF80023EAA6 /* ASIDataDecompressor.h */,
				22C5302D153CDEF80023EAA6 /* ASIDataDecompressor.m */,
				22C5302E153CDEF80023EAA6 /* ASIDownloadCache.h */,
				22C5302F153CDEF80023EAA6 /* ASIDownloadCache.m */,
				22C53030153CDEF80023EAA6 /* ASIFormDataRequest.h */,
				22C53031153CDEF80023EAA6 /* ASIFormDataRequest.m */,
				22C53032153CDEF80023EAA6 /* ASIHTTPRequest.h */,
				22C53033153CDEF80023EAA6 /* ASIHTTPRequest.m */,
				22C53034153CDEF80023EAA6 /* ASIHTTPRequestConfig.h */,
				22C53035153CDEF80023EAA6 /* ASIHTTPRequestDelegate.h */,
				22C53036153CDEF80023EAA6 /* ASIInputStream.h */,
				22C53037153CDEF80023EAA6 /* ASIInputStream.m */,
				22C53038153CDEF80023EAA6 /* ASINetworkQueue.h */,
				22C53039153CDEF80023EAA6 /* ASINetworkQueue.m */,
				22C5303A153CDEF80023EAA6 /* ASIProgressDelegate.h */,
			);
			name = asihttp;
			path = Classes;
			sourceTree = "<group>";
		};
		22C5309F153CDF1E0023EAA6 /* Reachability */ = {
			isa = PBXGroup;
			children = (
				22C530A0153CDF1E0023EAA6 /* Reachability.h */,
				22C530A1153CDF1E0023EAA6 /* Reachability.m */,
			);
			path = Reachability;
			sourceTree = "<group>";
		};
		22C530B0153E04520023EAA6 /* hud */ = {
			isa = PBXGroup;
			children = (
				22EFB23D151072C700581070 /* MBProgressHUD.h */,
				22EFB23E151072C700581070 /* MBProgressHUD.m */,
			);
			name = hud;
			sourceTree = "<group>";
		};
		22C530B1153E046E0023EAA6 /* touchxml */ = {
			isa = PBXGroup;
			children = (
				22C530B2153E049B0023EAA6 /* Creation */,
				22C530B7153E049B0023EAA6 /* CXHTMLDocument.h */,
				22C530B8153E049B0023EAA6 /* CXHTMLDocument.m */,
				22C530B9153E049B0023EAA6 /* CXMLDocument_PrivateExtensions.h */,
				22C530BA153E049B0023EAA6 /* CXMLDocument_PrivateExtensions.m */,
				22C530BB153E049B0023EAA6 /* CXMLDocument.h */,
				22C530BC153E049B0023EAA6 /* CXMLDocument.m */,
				22C530BD153E049B0023EAA6 /* CXMLElement_CreationExtensions.h */,
				22C530BE153E049B0023EAA6 /* CXMLElement_CreationExtensions.m */,
				22C530BF153E049B0023EAA6 /* CXMLElement_ElementTreeExtensions.h */,
				22C530C0153E049B0023EAA6 /* CXMLElement_ElementTreeExtensions.m */,
				22C530C1153E049B0023EAA6 /* CXMLElement.h */,
				22C530C2153E049B0023EAA6 /* CXMLElement.m */,
				22C530C3153E049B0023EAA6 /* CXMLNamespaceNode.h */,
				22C530C4153E049B0023EAA6 /* CXMLNamespaceNode.m */,
				22C530C5153E049B0023EAA6 /* CXMLNode_PrivateExtensions.h */,
				22C530C6153E049B0023EAA6 /* CXMLNode_PrivateExtensions.m */,
				22C530C7153E049B0023EAA6 /* CXMLNode_XPathExtensions.h */,
				22C530C8153E049B0023EAA6 /* CXMLNode_XPathExtensions.m */,
				22C530C9153E049B0023EAA6 /* CXMLNode.h */,
				22C530CA153E049B0023EAA6 /* CXMLNode.m */,
				22C530CB153E049B0023EAA6 /* Tidy */,
				22C530CE153E049B0023EAA6 /* TouchXML.h */,
			);
			name = touchxml;
			sourceTree = "<group>";
		};
		22C530B2153E049B0023EAA6 /* Creation */ = {
			isa = PBXGroup;
			children = (
				22C530B3153E049B0023EAA6 /* CXMLDocument_CreationExtensions.h */,
				22C530B4153E049B0023EAA6 /* CXMLDocument_CreationExtensions.m */,
				22C530B5153E049B0023EAA6 /* CXMLNode_CreationExtensions.h */,
				22C530B6153E049B0023EAA6 /* CXMLNode_CreationExtensions.m */,
			);
			path = Creation;
			sourceTree = "<group>";
		};
		22C530CB153E049B0023EAA6 /* Tidy */ = {
			isa = PBXGroup;
			children = (
				22C530CC153E049B0023EAA6 /* CTidy.h */,
				22C530CD153E049B0023EAA6 /* CTidy.m */,
			);
			path = Tidy;
			sourceTree = "<group>";
		};
		22D2C51915644312005638EF /* reachability */ = {
			isa = PBXGroup;
			children = (
			);
			name = reachability;
			sourceTree = "<group>";
		};
		22EFB2411510730000581070 /* Lib */ = {
			isa = PBXGroup;
			children = (
				220CC29215829C0A00A57386 /* barchart */,
				22D2C51915644312005638EF /* reachability */,
				22C530B1153E046E0023EAA6 /* touchxml */,
				22C53026153CDEF80023EAA6 /* asihttp */,
				22C530B0153E04520023EAA6 /* hud */,
			);
			name = Lib;
			sourceTree = "<group>";
		};
		22EFB242151074FA00581070 /* Resources */ = {
			isa = PBXGroup;
			children = (
				22725CB81597965E00AE5B6F /* campidinamici */,
				22725CB7159795CB00AE5B6F /* barchart */,
				22725CB6159795B100AE5B6F /* icon */,
				22725CB51597957F00AE5B6F /* background */,
				22A97A8B1589B4E000508179 /* fax.png */,
				22422C2515CAF85B00AA77F5 /* accepted_37.png */,
				22422C2615CAF85B00AA77F5 /* accepted_48.png */,
				22422C2715CAF85B00AA77F5 /* cancel_37.png */,
				22422C2815CAF85B00AA77F5 /* cancel_48.png */,
				22422C2915CAF85B00AA77F5 /* check.png */,
				22A97A8C1589B4E000508179 /* iphone_icon.png */,
				22A97A8D1589B4E000508179 /* mail.png */,
				22A97A8E1589B4E000508179 /* phone.png */,
				22D321D1158813FC006ADD95 /* barchart_1.png */,
				22977C2A15349DD300F6888D /* settingsIcon.png */,
				22422C0E15C75E7A00AA77F5 /* 37x-Checkmark@2x.png */,
				22EFB2431510751500581070 /* 37x-Checkmark.png */,
			);
			name = Resources;
			sourceTree = "<group>";
		};
/* End PBXGroup section */

/* Begin PBXNativeTarget section */
		2244166114F2D49E00BDD0EA /* iStand */ = {
			isa = PBXNativeTarget;
			buildConfigurationList = 2244168814F2D49E00BDD0EA /* Build configuration list for PBXNativeTarget "iStand" */;
			buildPhases = (
				2244165E14F2D49E00BDD0EA /* Sources */,
				2244165F14F2D49E00BDD0EA /* Frameworks */,
				2244166014F2D49E00BDD0EA /* Resources */,
			);
			buildRules = (
			);
			dependencies = (
			);
			name = iStand;
			productName = iStand;
			productReference = 2244166214F2D49E00BDD0EA /* istand.app */;
			productType = "com.apple.product-type.application";
		};
/* End PBXNativeTarget section */

/* Begin PBXProject section */
		2244165914F2D49D00BDD0EA /* Project object */ = {
			isa = PBXProject;
			attributes = {
				LastUpgradeCheck = 0500;
				ORGANIZATIONNAME = Almawave;
			};
			buildConfigurationList = 2244165C14F2D49D00BDD0EA /* Build configuration list for PBXProject "iStand" */;
			compatibilityVersion = "Xcode 3.2";
			developmentRegion = English;
			hasScannedForEncodings = 0;
			knownRegions = (
				en,
				it,
			);
			mainGroup = 2244165714F2D49D00BDD0EA;
			productRefGroup = 2244166314F2D49E00BDD0EA /* Products */;
			projectDirPath = "";
			projectRoot = "";
			targets = (
				2244166114F2D49E00BDD0EA /* iStand */,
			);
		};
/* End PBXProject section */

/* Begin PBXResourcesBuildPhase section */
		2244166014F2D49E00BDD0EA /* Resources */ = {
			isa = PBXResourcesBuildPhase;
			buildActionMask = 2147483647;
			files = (
				2244167314F2D49E00BDD0EA /* InfoPlist.strings in Resources */,
				2244167C14F2D49E00BDD0EA /* MainStoryboard.storyboard in Resources */,
				22EFB2441510751500581070 /* 37x-Checkmark.png in Resources */,
				22977C2B15349DD300F6888D /* settingsIcon.png in Resources */,
				220CC2A315829C9400A57386 /* progress-count.png in Resources */,
				220CC2A415829C9400A57386 /* progress-count@2x.png in Resources */,
				225B18AE158546500099E8E6 /* iStand2_1.png in Resources */,
				22D321D2158813FC006ADD95 /* barchart_1.png in Resources */,
				22A97A951589B4E000508179 /* fax.png in Resources */,
				22A97A961589B4E000508179 /* iphone_icon.png in Resources */,
				22A97A971589B4E000508179 /* mail.png in Resources */,
				22A97A981589B4E000508179 /* phone.png in Resources */,
				22A97A991589B4E000508179 /* progress-fill-blue.png in Resources */,
				22A97A9A1589B4E000508179 /* progress-fill-gray.png in Resources */,
				22A97A9B1589B4E000508179 /* progress-fill-pink.png in Resources */,
				22A97A9C1589B4E000508179 /* progress-fill-red.png in Resources */,
				22A97A9D1589B4E000508179 /* progress-fill-water.png in Resources */,
				22A97A9E1589B4E000508179 /* progress-fill-yellow.png in Resources */,
				22A97AA01589B5C700508179 /* progress-fill-green.png in Resources */,
				22A97AA6158B064400508179 /* progress-track.png in Resources */,
				22C4B5F7159270160015151D /* iStand144x144.png in Resources */,
				22725CB3159774BC00AE5B6F /* backLandscape.jpg in Resources */,
				22725CB4159774BC00AE5B6F /* backPortrait.jpg in Resources */,
				22422C0F15C75E7A00AA77F5 /* 37x-Checkmark@2x.png in Resources */,
				22422C1915C76EDC00AA77F5 /* Localizable.strings in Resources */,
				22422C2A15CAF85B00AA77F5 /* accepted_37.png in Resources */,
				22422C2B15CAF85B00AA77F5 /* accepted_48.png in Resources */,
				22422C2C15CAF85B00AA77F5 /* cancel_37.png in Resources */,
				22422C2D15CAF85B00AA77F5 /* cancel_48.png in Resources */,
				22422C2E15CAF85B00AA77F5 /* check.png in Resources */,
				22491D4D15EF3EA100352BE3 /* segmented.png in Resources */,
				22491D4E15EF3EA100352BE3 /* pickerView.png in Resources */,
				22491D4F15EF3EA100352BE3 /* textView.png in Resources */,
				22F1244E15F09B6A006F716F /* Default-Landscape~ipad.png in Resources */,
				22F1245015F09B78006F716F /* Default-Landscape@2x~ipad.png in Resources */,
				22F1245215F09B8D006F716F /* Default-Portrait~ipad.png in Resources */,
				22F1245415F09BC1006F716F /* Default-Portrait@2x~ipad.png in Resources */,
			);
			runOnlyForDeploymentPostprocessing = 0;
		};
/* End PBXResourcesBuildPhase section */

/* Begin PBXSourcesBuildPhase section */
		2244165E14F2D49E00BDD0EA /* Sources */ = {
			isa = PBXSourcesBuildPhase;
			buildActionMask = 2147483647;
			files = (
				22628AA1157EB1C20060C737 /* AddEventoViewController.m in Sources */,
				22628AA3157EB1C20060C737 /* Constants.m in Sources */,
				22628AA5157EB1C20060C737 /* DettPartecipanteViewController.m in Sources */,
				22816D29157D69C700354C6B /* _CampoDinamico.m in Sources */,
				22816D2B157D69C700354C6B /* _Evento.m in Sources */,
				22816D2D157D69C700354C6B /* _Opzione.m in Sources */,
				22816D2F157D69C700354C6B /* _Partecipante.m in Sources */,
				22816D31157D69C700354C6B /* _Registrazione.m in Sources */,
				22816D33157D69C700354C6B /* _Scelta.m in Sources */,
				22816D39157D69C700354C6B /* Opzione.m in Sources */,
				22816D3D157D69C700354C6B /* Registrazione.m in Sources */,
				2244167514F2D49E00BDD0EA /* main.m in Sources */,
				2244167914F2D49E00BDD0EA /* AppDelegate.m in Sources */,
				2244167F14F2D49E00BDD0EA /* iStand.xcdatamodeld in Sources */,
				2244168214F2D49E00BDD0EA /* MainViewController.m in Sources */,
				2244168E14F2E93500BDD0EA /* EventoViewController.m in Sources */,
				224416A314F2EF5C00BDD0EA /* SettingsViewController.m in Sources */,
				224416AD14F4670600BDD0EA /* RowCampoDinamico.m in Sources */,
				22ECF6D4150FE4FE00FA78F2 /* SearchViewController.m in Sources */,
				22EFB23F151072C700581070 /* MBProgressHUD.m in Sources */,
				222DD13C151A96DD0070FB98 /* SearchViewCell.m in Sources */,
				22977C141531902900F6888D /* AddEventoViewCell.m in Sources */,
				22C53079153CDEF80023EAA6 /* ASIAuthenticationDialog.m in Sources */,
				22C5307A153CDEF80023EAA6 /* ASIDataCompressor.m in Sources */,
				22C5307B153CDEF80023EAA6 /* ASIDataDecompressor.m in Sources */,
				22C5307C153CDEF80023EAA6 /* ASIDownloadCache.m in Sources */,
				22C5307D153CDEF80023EAA6 /* ASIFormDataRequest.m in Sources */,
				22C5307E153CDEF80023EAA6 /* ASIHTTPRequest.m in Sources */,
				22C5307F153CDEF80023EAA6 /* ASIInputStream.m in Sources */,
				22C53080153CDEF80023EAA6 /* ASINetworkQueue.m in Sources */,
				22C530A2153CDF1E0023EAA6 /* Reachability.m in Sources */,
				22C530CF153E049B0023EAA6 /* CXMLDocument_CreationExtensions.m in Sources */,
				22C530D0153E049B0023EAA6 /* CXMLNode_CreationExtensions.m in Sources */,
				22C530D1153E049B0023EAA6 /* CXHTMLDocument.m in Sources */,
				22C530D2153E049B0023EAA6 /* CXMLDocument_PrivateExtensions.m in Sources */,
				22C530D3153E049B0023EAA6 /* CXMLDocument.m in Sources */,
				22C530D4153E049B0023EAA6 /* CXMLElement_CreationExtensions.m in Sources */,
				22C530D5153E049B0023EAA6 /* CXMLElement_ElementTreeExtensions.m in Sources */,
				22C530D6153E049B0023EAA6 /* CXMLElement.m in Sources */,
				22C530D7153E049B0023EAA6 /* CXMLNamespaceNode.m in Sources */,
				22C530D8153E049B0023EAA6 /* CXMLNode_PrivateExtensions.m in Sources */,
				22C530D9153E049B0023EAA6 /* CXMLNode_XPathExtensions.m in Sources */,
				22C530DA153E049B0023EAA6 /* CXMLNode.m in Sources */,
				22C530DB153E049B0023EAA6 /* CTidy.m in Sources */,
				226742D6157811060032B77F /* MyTextView.m in Sources */,
				226742D91578977C0032B77F /* DefaultDelegate.m in Sources */,
				226742DC15789F9A0032B77F /* MyTextField.m in Sources */,
				22816D26157D55C200354C6B /* CoreDataUtility.m in Sources */,
				22628A93157EAB3B0060C737 /* Evento.m in Sources */,
				22628A97157EAB700060C737 /* CampoDinamico.m in Sources */,
				22628A98157EAB700060C737 /* Partecipante.m in Sources */,
				22628A99157EAB700060C737 /* Scelta.m in Sources */,
				220CC29615829C3000A57386 /* ADVPercentProgressBar.m in Sources */,
				220CC2B115829EFD00A57386 /* StatisticsViewController.m in Sources */,
				22725CBB1597973500AE5B6F /* CommonViewController.m in Sources */,
				224EA06315DD80BC0092FF50 /* CurlSegue.m in Sources */,
				224EA06715DD92980092FF50 /* AboutViewController.m in Sources */,
			);
			runOnlyForDeploymentPostprocessing = 0;
		};
/* End PBXSourcesBuildPhase section */

/* Begin PBXVariantGroup section */
		22422C1715C76EDC00AA77F5 /* Localizable.strings */ = {
			isa = PBXVariantGroup;
			children = (
				22422C1815C76EDC00AA77F5 /* en */,
				22422C1B15C76F3100AA77F5 /* it */,
			);
			name = Localizable.strings;
			sourceTree = "<group>";
		};
		2244167114F2D49E00BDD0EA /* InfoPlist.strings */ = {
			isa = PBXVariantGroup;
			children = (
				2244167214F2D49E00BDD0EA /* en */,
				22422C1115C7683100AA77F5 /* it */,
			);
			name = InfoPlist.strings;
			sourceTree = "<group>";
		};
		2244167A14F2D49E00BDD0EA /* MainStoryboard.storyboard */ = {
			isa = PBXVariantGroup;
			children = (
				2244167B14F2D49E00BDD0EA /* en */,
				22422C1215C7683100AA77F5 /* it */,
			);
			name = MainStoryboard.storyboard;
			sourceTree = "<group>";
		};
/* End PBXVariantGroup section */

/* Begin XCBuildConfiguration section */
		2244168614F2D49E00BDD0EA /* Debug */ = {
			isa = XCBuildConfiguration;
			buildSettings = {
				ALWAYS_SEARCH_USER_PATHS = NO;
				CLANG_ENABLE_OBJC_ARC = YES;
				CLANG_WARN_BOOL_CONVERSION = YES;
				CLANG_WARN_CONSTANT_CONVERSION = YES;
				CLANG_WARN_EMPTY_BODY = YES;
				CLANG_WARN_ENUM_CONVERSION = YES;
				CLANG_WARN_INT_CONVERSION = YES;
				CLANG_WARN__DUPLICATE_METHOD_MATCH = YES;
				"CODE_SIGN_IDENTITY[sdk=iphoneos*]" = "iPhone Distribution";
				COPY_PHASE_STRIP = NO;
				GCC_C_LANGUAGE_STANDARD = gnu99;
				GCC_DYNAMIC_NO_PIC = NO;
				GCC_OPTIMIZATION_LEVEL = 0;
				GCC_PREPROCESSOR_DEFINITIONS = (
					"DEBUG=1",
					"$(inherited)",
				);
				GCC_SYMBOLS_PRIVATE_EXTERN = NO;
				GCC_VERSION = com.apple.compilers.llvm.clang.1_0;
				GCC_WARN_ABOUT_MISSING_PROTOTYPES = YES;
				GCC_WARN_ABOUT_RETURN_TYPE = YES;
				GCC_WARN_UNDECLARED_SELECTOR = YES;
				GCC_WARN_UNINITIALIZED_AUTOS = YES;
				GCC_WARN_UNUSED_FUNCTION = YES;
				GCC_WARN_UNUSED_VARIABLE = YES;
				IPHONEOS_DEPLOYMENT_TARGET = 6.0;
				ONLY_ACTIVE_ARCH = YES;
				"PROVISIONING_PROFILE[sdk=iphoneos*]" = "";
				SDKROOT = iphoneos;
				TARGETED_DEVICE_FAMILY = 2;
			};
			name = Debug;
		};
		2244168714F2D49E00BDD0EA /* Release */ = {
			isa = XCBuildConfiguration;
			buildSettings = {
				ALWAYS_SEARCH_USER_PATHS = NO;
				CLANG_ENABLE_OBJC_ARC = YES;
				CLANG_WARN_BOOL_CONVERSION = YES;
				CLANG_WARN_CONSTANT_CONVERSION = YES;
				CLANG_WARN_EMPTY_BODY = YES;
				CLANG_WARN_ENUM_CONVERSION = YES;
				CLANG_WARN_INT_CONVERSION = YES;
				CLANG_WARN__DUPLICATE_METHOD_MATCH = YES;
				CODE_SIGN_IDENTITY = "";
				"CODE_SIGN_IDENTITY[sdk=iphoneos*]" = "iPhone Distribution";
				COPY_PHASE_STRIP = YES;
				GCC_C_LANGUAGE_STANDARD = gnu99;
				GCC_VERSION = com.apple.compilers.llvm.clang.1_0;
				GCC_WARN_ABOUT_MISSING_PROTOTYPES = YES;
				GCC_WARN_ABOUT_RETURN_TYPE = YES;
				GCC_WARN_UNDECLARED_SELECTOR = YES;
				GCC_WARN_UNINITIALIZED_AUTOS = YES;
				GCC_WARN_UNUSED_FUNCTION = YES;
				GCC_WARN_UNUSED_VARIABLE = YES;
				IPHONEOS_DEPLOYMENT_TARGET = 6.0;
				OTHER_CFLAGS = "-DNS_BLOCK_ASSERTIONS=1";
				"PROVISIONING_PROFILE[sdk=iphoneos*]" = "";
				SDKROOT = iphoneos;
				SKIP_INSTALL = YES;
				TARGETED_DEVICE_FAMILY = 2;
				VALIDATE_PRODUCT = YES;
			};
			name = Release;
		};
		2244168914F2D49E00BDD0EA /* Debug */ = {
			isa = XCBuildConfiguration;
			buildSettings = {
				CODE_SIGN_IDENTITY = "iPhone Developer";
				GCC_PRECOMPILE_PREFIX_HEADER = YES;
				GCC_PREFIX_HEADER = "iStand/iStand-Prefix.pch";
				"HEADER_SEARCH_PATHS[arch=*]" = /usr/include/libxml2;
				INFOPLIST_FILE = "iStand/iStand-Info.plist";
				"OTHER_LDFLAGS[arch=*]" = "-lxml2";
				PRODUCT_NAME = istand;
				PROVISIONING_PROFILE = "";
				TARGETED_DEVICE_FAMILY = 2;
				WRAPPER_EXTENSION = app;
			};
			name = Debug;
		};
		2244168A14F2D49E00BDD0EA /* Release */ = {
			isa = XCBuildConfiguration;
			buildSettings = {
				CODE_SIGN_IDENTITY = "iPhone Developer";
				GCC_PRECOMPILE_PREFIX_HEADER = YES;
				GCC_PREFIX_HEADER = "iStand/iStand-Prefix.pch";
				"HEADER_SEARCH_PATHS[arch=*]" = /usr/include/libxml2;
				INFOPLIST_FILE = "iStand/iStand-Info.plist";
				"OTHER_LDFLAGS[arch=*]" = "-lxml2";
				PRODUCT_NAME = istand;
				PROVISIONING_PROFILE = "";
				SKIP_INSTALL = NO;
				TARGETED_DEVICE_FAMILY = 2;
				WRAPPER_EXTENSION = app;
			};
			name = Release;
		};
/* End XCBuildConfiguration section */

/* Begin XCConfigurationList section */
		2244165C14F2D49D00BDD0EA /* Build configuration list for PBXProject "iStand" */ = {
			isa = XCConfigurationList;
			buildConfigurations = (
				2244168614F2D49E00BDD0EA /* Debug */,
				2244168714F2D49E00BDD0EA /* Release */,
			);
			defaultConfigurationIsVisible = 0;
			defaultConfigurationName = Release;
		};
		2244168814F2D49E00BDD0EA /* Build configuration list for PBXNativeTarget "iStand" */ = {
			isa = XCConfigurationList;
			buildConfigurations = (
				2244168914F2D49E00BDD0EA /* Debug */,
				2244168A14F2D49E00BDD0EA /* Release */,
			);
			defaultConfigurationIsVisible = 0;
			defaultConfigurationName = Release;
		};
/* End XCConfigurationList section */

/* Begin XCVersionGroup section */
		2244167D14F2D49E00BDD0EA /* iStand.xcdatamodeld */ = {
			isa = XCVersionGroup;
			children = (
				2244167E14F2D49E00BDD0EA /* iStand.xcdatamodel */,
			);
			currentVersion = 2244167E14F2D49E00BDD0EA /* iStand.xcdatamodel */;
			path = iStand.xcdatamodeld;
			sourceTree = "<group>";
			versionGroupType = wrapper.xcdatamodel;
		};
/* End XCVersionGroup section */
	};
	rootObject = 2244165914F2D49D00BDD0EA /* Project object */;
}
